// !$*UTF8*$!
{
	archiveVersion = 1;
	classes = {
	};
	objectVersion = 46;
	objects = {

/* Begin PBXBuildFile section */
		121340FD1CE2684200E8C8AB /* AppDelegate.swift in Sources */ = {isa = PBXBuildFile; fileRef = 121340FC1CE2684200E8C8AB /* AppDelegate.swift */; };
		121340FF1CE2684200E8C8AB /* ViewController.swift in Sources */ = {isa = PBXBuildFile; fileRef = 121340FE1CE2684200E8C8AB /* ViewController.swift */; };
		121341021CE2684200E8C8AB /* Main.storyboard in Resources */ = {isa = PBXBuildFile; fileRef = 121341001CE2684200E8C8AB /* Main.storyboard */; };
		121341041CE2684200E8C8AB /* Assets.xcassets in Resources */ = {isa = PBXBuildFile; fileRef = 121341031CE2684200E8C8AB /* Assets.xcassets */; };
		121341071CE2684200E8C8AB /* LaunchScreen.storyboard in Resources */ = {isa = PBXBuildFile; fileRef = 121341051CE2684200E8C8AB /* LaunchScreen.storyboard */; };
/* End PBXBuildFile section */

/* Begin PBXFileReference section */
		121340F91CE2684200E8C8AB /* MissionBriefingSwift.app */ = {isa = PBXFileReference; explicitFileType = wrapper.application; includeInIndex = 0; path = MissionBriefingSwift.app; sourceTree = BUILT_PRODUCTS_DIR; };
		121340FC1CE2684200E8C8AB /* AppDelegate.swift */ = {isa = PBXFileReference; lastKnownFileType = sourcecode.swift; path = AppDelegate.swift; sourceTree = "<group>"; };
		121340FE1CE2684200E8C8AB /* ViewController.swift */ = {isa = PBXFileReference; lastKnownFileType = sourcecode.swift; path = ViewController.swift; sourceTree = "<group>"; };
		121341011CE2684200E8C8AB /* Base */ = {isa = PBXFileReference; lastKnownFileType = file.storyboard; name = Base; path = Base.lproj/Main.storyboard; sourceTree = "<group>"; };
		121341031CE2684200E8C8AB /* Assets.xcassets */ = {isa = PBXFileReference; lastKnownFileType = folder.assetcatalog; path = Assets.xcassets; sourceTree = "<group>"; };
		121341061CE2684200E8C8AB /* Base */ = {isa = PBXFileReference; lastKnownFileType = file.storyboard; name = Base; path = Base.lproj/LaunchScreen.storyboard; sourceTree = "<group>"; };
		121341081CE2684200E8C8AB /* Info.plist */ = {isa = PBXFileReference; lastKnownFileType = text.plist.xml; path = Info.plist; sourceTree = "<group>"; };
/* End PBXFileReference section */

/* Begin PBXFrameworksBuildPhase section */
		121340F61CE2684200E8C8AB /* Frameworks */ = {
			isa = PBXFrameworksBuildPhase;
			buildActionMask = 2147483647;
			files = (
			);
			runOnlyForDeploymentPostprocessing = 0;
		};
/* End PBXFrameworksBuildPhase section */

/* Begin PBXGroup section */
		121340F01CE2684200E8C8AB = {
			isa = PBXGroup;
			children = (
				121340FB1CE2684200E8C8AB /* MissionBriefingSwift */,
				121340FA1CE2684200E8C8AB /* Products */,
			);
			sourceTree = "<group>";
		};
		121340FA1CE2684200E8C8AB /* Products */ = {
			isa = PBXGroup;
			children = (
				121340F91CE2684200E8C8AB /* MissionBriefingSwift.app */,
			);
			name = Products;
			sourceTree = "<group>";
		};
		121340FB1CE2684200E8C8AB /* MissionBriefingSwift */ = {
			isa = PBXGroup;
			children = (
				121340FC1CE2684200E8C8AB /* AppDelegate.swift */,
				121340FE1CE2684200E8C8AB /* ViewController.swift */,
				121341001CE2684200E8C8AB /* Main.storyboard */,
				121341031CE2684200E8C8AB /* Assets.xcassets */,
				121341051CE2684200E8C8AB /* LaunchScreen.storyboard */,
				121341081CE2684200E8C8AB /* Info.plist */,
			);
			path = MissionBriefingSwift;
			sourceTree = "<group>";
		};
/* End PBXGroup section */

/* Begin PBXNativeTarget section */
		121340F81CE2684200E8C8AB /* MissionBriefingSwift */ = {
			isa = PBXNativeTarget;
			buildConfigurationList = 1213410B1CE2684200E8C8AB /* Build configuration list for PBXNativeTarget "MissionBriefingSwift" */;
			buildPhases = (
				121340F51CE2684200E8C8AB /* Sources */,
				121340F61CE2684200E8C8AB /* Frameworks */,
				121340F71CE2684200E8C8AB /* Resources */,
			);
			buildRules = (
			);
			dependencies = (
			);
			name = MissionBriefingSwift;
			productName = MissionBriefingSwift;
			productReference = 121340F91CE2684200E8C8AB /* MissionBriefingSwift.app */;
			productType = "com.apple.product-type.application";
		};
/* End PBXNativeTarget section */

/* Begin PBXProject section */
		121340F11CE2684200E8C8AB /* Project object */ = {
			isa = PBXProject;
			attributes = {
				LastSwiftUpdateCheck = 0730;
				LastUpgradeCheck = 0730;
				ORGANIZATIONNAME = "Jorge Catalan";
				TargetAttributes = {
					121340F81CE2684200E8C8AB = {
						CreatedOnToolsVersion = 7.3;
						DevelopmentTeam = DFHMFVHWS2;
					};
				};
			};
			buildConfigurationList = 121340F41CE2684200E8C8AB /* Build configuration list for PBXProject "MissionBriefingSwift" */;
			compatibilityVersion = "Xcode 3.2";
			developmentRegion = English;
			hasScannedForEncodings = 0;
			knownRegions = (
				en,
				Base,
			);
			mainGroup = 121340F01CE2684200E8C8AB;
			productRefGroup = 121340FA1CE2684200E8C8AB /* Products */;
			projectDirPath = "";
			projectRoot = "";
			targets = (
				121340F81CE2684200E8C8AB /* MissionBriefingSwift */,
			);
		};
/* End PBXProject section */

/* Begin PBXResourcesBuildPhase section */
		121340F71CE2684200E8C8AB /* Resources */ = {
			isa = PBXResourcesBuildPhase;
			buildActionMask = 2147483647;
			files = (
				121341071CE2684200E8C8AB /* LaunchScreen.storyboard in Resources */,
				121341041CE2684200E8C8AB /* Assets.xcassets in Resources */,
				121341021CE2684200E8C8AB /* Main.storyboard in Resources */,
			);
			runOnlyForDeploymentPostprocessing = 0;
		};
/* End PBXResourcesBuildPhase section */

/* Begin PBXSourcesBuildPhase section */
		121340F51CE2684200E8C8AB /* Sources */ = {
			isa = PBXSourcesBuildPhase;
			buildActionMask = 2147483647;
			files = (
				121340FF1CE2684200E8C8AB /* ViewController.swift in Sources */,
				121340FD1CE2684200E8C8AB /* AppDelegate.swift in Sources */,
			);
			runOnlyForDeploymentPostprocessing = 0;
		};
/* End PBXSourcesBuildPhase section */

/* Begin PBXVariantGroup section */
		121341001CE2684200E8C8AB /* Main.storyboard */ = {
			isa = PBXVariantGroup;
			children = (
				121341011CE2684200E8C8AB /* Base */,
			);
			name = Main.storyboard;
			sourceTree = "<group>";
		};
		121341051CE2684200E8C8AB /* LaunchScreen.storyboard */ = {
			isa = PBXVariantGroup;
			children = (
				121341061CE2684200E8C8AB /* Base */,
			);
			name = LaunchScreen.storyboard;
			sourceTree = "<group>";
		};
/* End PBXVariantGroup section */

/* Begin XCBuildConfiguration section */
		121341091CE2684200E8C8AB /* Debug */ = {
			isa = XCBuildConfiguration;
			buildSettings = {
				ALWAYS_SEARCH_USER_PATHS = NO;
				CLANG_ANALYZER_NONNULL = YES;
				CLANG_CXX_LANGUAGE_STANDARD = "gnu++0x";
				CLANG_CXX_LIBRARY = "libc++";
				CLANG_ENABLE_MODULES = YES;
				CLANG_ENABLE_OBJC_ARC = YES;
				CLANG_WARN_BOOL_CONVERSION = YES;
				CLANG_WARN_CONSTANT_CONVERSION = YES;
				CLANG_WARN_DIRECT_OBJC_ISA_USAGE = YES_ERROR;
				CLANG_WARN_EMPTY_BODY = YES;
				CLANG_WARN_ENUM_CONVERSION = YES;
				CLANG_WARN_INT_CONVERSION = YES;
				CLANG_WARN_OBJC_ROOT_CLASS = YES_ERROR;
				CLANG_WARN_UNREACHABLE_CODE = YES;
				CLANG_WARN__DUPLICATE_METHOD_MATCH = YES;
				"CODE_SIGN_IDENTITY[sdk=iphoneos*]" = "iPhone Developer";
				COPY_PHASE_STRIP = NO;
				DEBUG_INFORMATION_FORMAT = dwarf;
				ENABLE_STRICT_OBJC_MSGSEND = YES;
				ENABLE_TESTABILITY = YES;
				GCC_C_LANGUAGE_STANDARD = gnu99;
				GCC_DYNAMIC_NO_PIC = NO;
				GCC_NO_COMMON_BLOCKS = YES;
				GCC_OPTIMIZATION_LEVEL = 0;
				GCC_PREPROCESSOR_DEFINITIONS = (
					"DEBUG=1",
					"$(inherited)",
				);
				GCC_WARN_64_TO_32_BIT_CONVERSION = YES;
				GCC_WARN_ABOUT_RETURN_TYPE = YES_ERROR;
				GCC_WARN_UNDECLARED_SELECTOR = YES;
				GCC_WARN_UNINITIALIZED_AUTOS = YES_AGGRESSIVE;
				GCC_WARN_UNUSED_FUNCTION = YES;
				GCC_WARN_UNUSED_VARIABLE = YES;
				IPHONEOS_DEPLOYMENT_TARGET = 9.3;
				MTL_ENABLE_DEBUG_INFO = YES;
				ONLY_ACTIVE_ARCH = YES;
				SDKROOT = iphoneos;
				SWIFT_OPTIMIZATION_LEVEL = "-Onone";
				TARGETED_DEVICE_FAMILY = "1,2";
			};
			name = Debug;
		};
		1213410A1CE2684200E8C8AB /* Release */ = {
			isa = XCBuildConfiguration;
			buildSettings = {
				ALWAYS_SEARCH_USER_PATHS = NO;
				CLANG_ANALYZER_NONNULL = YES;
				CLANG_CXX_LANGUAGE_STANDARD = "gnu++0x";
				CLANG_CXX_LIBRARY = "libc++";
				CLANG_ENABLE_MODULES = YES;
				CLANG_ENABLE_OBJC_ARC = YES;
				CLANG_WARN_BOOL_CONVERSION = YES;
				CLANG_WARN_CONSTANT_CONVERSION = YES;
				CLANG_WARN_DIRECT_OBJC_ISA_USAGE = YES_ERROR;
				CLANG_WARN_EMPTY_BODY = YES;
				CLANG_WARN_ENUM_CONVERSION = YES;
				CLANG_WARN_INT_CONVERSION = YES;
				CLANG_WARN_OBJC_ROOT_CLASS = YES_ERROR;
				CLANG_WARN_UNREACHABLE_CODE = YES;
				CLANG_WARN__DUPLICATE_METHOD_MATCH = YES;
				"CODE_SIGN_IDENTITY[sdk=iphoneos*]" = "iPhone Developer";
				COPY_PHASE_STRIP = NO;
				DEBUG_INFORMATION_FORMAT = "dwarf-with-dsym";
				ENABLE_NS_ASSERTIONS = NO;
				ENABLE_STRICT_OBJC_MSGSEND = YES;
				GCC_C_LANGUAGE_STANDARD = gnu99;
				GCC_NO_COMMON_BLOCKS = YES;
				GCC_WARN_64_TO_32_BIT_CONVERSION = YES;
				GCC_WARN_ABOUT_RETURN_TYPE = YES_ERROR;
				GCC_WARN_UNDECLARED_SELECTOR = YES;
				GCC_WARN_UNINITIALIZED_AUTOS = YES_AGGRESSIVE;
				GCC_WARN_UNUSED_FUNCTION = YES;
				GCC_WARN_UNUSED_VARIABLE = YES;
				IPHONEOS_DEPLOYMENT_TARGET = 9.3;
				MTL_ENABLE_DEBUG_INFO = NO;
				SDKROOT = iphoneos;
				TARGETED_DEVICE_FAMILY = "1,2";
				VALIDATE_PRODUCT = YES;
			};
			name = Release;
		};
		1213410C1CE2684200E8C8AB /* Debug */ = {
			isa = XCBuildConfiguration;
			buildSettings = {
				ASSETCATALOG_COMPILER_APPICON_NAME = AppIcon;
				INFOPLIST_FILE = MissionBriefingSwift/Info.plist;
				LD_RUNPATH_SEARCH_PATHS = "$(inherited) @executable_path/Frameworks";
				PRODUCT_BUNDLE_IDENTIFIER = "Jorge-Catalan.MissionBriefingSwift";
				PRODUCT_NAME = "$(TARGET_NAME)";
			};
			name = Debug;
		};
		1213410D1CE2684200E8C8AB /* Release */ = {
			isa = XCBuildConfiguration;
			buildSettings = {
				ASSETCATALOG_COMPILER_APPICON_NAME = AppIcon;
				INFOPLIST_FILE = MissionBriefingSwift/Info.plist;
				LD_RUNPATH_SEARCH_PATHS = "$(inherited) @executable_path/Frameworks";
				PRODUCT_BUNDLE_IDENTIFIER = "Jorge-Catalan.MissionBriefingSwift";
				PRODUCT_NAME = "$(TARGET_NAME)";
			};
			name = Release;
		};
/* End XCBuildConfiguration section */

/* Begin XCConfigurationList section */
		121340F41CE2684200E8C8AB /* Build configuration list for PBXProject "MissionBriefingSwift" */ = {
			isa = XCConfigurationList;
			buildConfigurations = (
				121341091CE2684200E8C8AB /* Debug */,
				1213410A1CE2684200E8C8AB /* Release */,
			);
			defaultConfigurationIsVisible = 0;
			defaultConfigurationName = Release;
		};
		1213410B1CE2684200E8C8AB /* Build configuration list for PBXNativeTarget "MissionBriefingSwift" */ = {
			isa = XCConfigurationList;
			buildConfigurations = (
				1213410C1CE2684200E8C8AB /* Debug */,
				1213410D1CE2684200E8C8AB /* Release */,
			);
			defaultConfigurationIsVisible = 0;
		};
/* End XCConfigurationList section */
	};
	rootObject = 121340F11CE2684200E8C8AB /* Project object */;
}
